{
    "_readme": [
        "This file locks the dependencies of your project to a known state",
        "Read more about it at https://getcomposer.org/doc/01-basic-usage.md#composer-lock-the-lock-file",
        "This file is @generated automatically"
    ],
    "hash": "f8323156ee85b370e2f31275760a3002",
    "content-hash": "13d67727e4e5751414ced1590a5ad411",
    "packages": [
        {
            "name": "chadicus/spl-exceptions",
            "version": "v1.0.1",
            "source": {
                "type": "git",
                "url": "https://github.com/chadicus/spl-exceptions-php.git",
                "reference": "36734a57b1a9da547e184e81d96569fd88249d2e"
            },
            "dist": {
                "type": "zip",
                "url": "https://api.github.com/repos/chadicus/spl-exceptions-php/zipball/36734a57b1a9da547e184e81d96569fd88249d2e",
                "reference": "36734a57b1a9da547e184e81d96569fd88249d2e",
                "shasum": ""
            },
            "require": {
                "php": "~5.4 || ~7.0"
            },
            "require-dev": {
                "squizlabs/php_codesniffer": "~2.0"
            },
            "suggest": {
                "chadicus/util-exceptions": "Offers utilty classes for working with exceptions."
            },
            "type": "library",
            "autoload": {
                "psr-4": {
                    "Chadicus\\Spl\\Exceptions\\": "src"
                }
            },
            "notification-url": "https://packagist.org/downloads/",
            "license": [
                "MIT"
            ],
            "authors": [
                {
                    "name": "Chad Gray",
                    "email": "chadwickgray@gmail.com",
                    "homepage": "http://chadicus.org",
                    "role": "Developer"
                }
            ],
            "description": "Collection of standard exception classes",
            "keywords": [
                "exception",
                "spl"
            ],
            "time": "2015-09-17 16:38:02"
        },
        {
            "name": "chadicus/util-exceptions",
            "version": "v1.0.0",
            "source": {
                "type": "git",
                "url": "https://github.com/chadicus/util-exceptions-php.git",
                "reference": "61982663887e66ec1b97daa251d87f5280995a67"
            },
            "dist": {
                "type": "zip",
                "url": "https://api.github.com/repos/chadicus/util-exceptions-php/zipball/61982663887e66ec1b97daa251d87f5280995a67",
                "reference": "61982663887e66ec1b97daa251d87f5280995a67",
                "shasum": ""
            },
            "require": {
                "php": "~5.4 || ~7.0"
            },
            "require-dev": {
                "phpunit/phpunit": "~4.0",
                "satooshi/php-coveralls": "~0.6.1",
                "squizlabs/php_codesniffer": "~2.0"
            },
            "type": "library",
            "autoload": {
                "psr-4": {
                    "Chadicus\\Util\\": "src/"
                }
            },
            "notification-url": "https://packagist.org/downloads/",
            "license": [
                "MIT"
            ],
            "authors": [
                {
                    "name": "Chad Gray",
                    "email": "chadwickgray@gmail.com",
                    "homepage": "http://chadicus.org",
                    "role": "Developer"
                }
            ],
            "description": "Collection of exception utilities",
            "keywords": [
                "exception",
                "util"
            ],
            "time": "2015-09-25 23:54:23"
        }
    ],
    "packages-dev": [],
    "aliases": [],
    "minimum-stability": "stable",
    "stability-flags": [],
    "prefer-stable": false,
    "prefer-lowest": false,
    "platform": {
        "php": "~5.4"
    },
    "platform-dev": []
}
