{
    "_readme": [
        "This file locks the dependencies of your project to a known state",
        "Read more about it at https://getcomposer.org/doc/01-basic-usage.md#composer-lock-the-lock-file",
        "This file is @generated automatically"
    ],
    "hash": "cc597bd4cd8b16d4da90a206077edd62",
    "packages": [
        {
            "name": "chadicus/spl-exceptions",
            "version": "v0.1.0",
            "source": {
                "type": "git",
                "url": "https://github.com/chadicus/spl-exceptions-php.git",
                "reference": "38a7231180e478919716f6c049e0a9a234d5d02f"
            },
            "dist": {
                "type": "zip",
                "url": "https://api.github.com/repos/chadicus/spl-exceptions-php/zipball/38a7231180e478919716f6c049e0a9a234d5d02f",
                "reference": "38a7231180e478919716f6c049e0a9a234d5d02f",
                "shasum": ""
            },
            "require": {
                "php": "~5.4 || ~7.0"
            },
            "require-dev": {
                "squizlabs/php_codesniffer": "~2.0"
            },
            "suggest": {
                "chadicus/util-exceptions": "Offers utilty classes for working with exceptions."
            },
            "type": "library",
            "autoload": {
                "psr-4": {
                    "Chadicus\\Spl\\Exceptions\\": "src"
                }
            },
            "notification-url": "https://packagist.org/downloads/",
            "license": [
                "MIT"
            ],
            "authors": [
                {
                    "name": "Chad Gray",
                    "email": "chadwickgray@gmail.com",
                    "role": "Developer"
                }
            ],
            "description": "Collection of standard exception classes",
            "keywords": [
                "exception",
                "spl"
            ],
            "time": "2015-07-21 20:53:56"
        },
        {
            "name": "chadicus/util-exceptions",
            "version": "v0.1.0",
            "source": {
                "type": "git",
                "url": "https://github.com/chadicus/util-exceptions-php.git",
                "reference": "ce433458ba8ce4d58fc329c55e87516f5f6c28ce"
            },
            "dist": {
                "type": "zip",
                "url": "https://api.github.com/repos/chadicus/util-exceptions-php/zipball/ce433458ba8ce4d58fc329c55e87516f5f6c28ce",
                "reference": "ce433458ba8ce4d58fc329c55e87516f5f6c28ce",
                "shasum": ""
            },
            "require": {
                "php": "~5.4 || ~7.0"
            },
            "require-dev": {
                "phpunit/phpunit": "~4.0",
                "satooshi/php-coveralls": "~0.6.1",
                "squizlabs/php_codesniffer": "~2.0"
            },
            "type": "library",
            "autoload": {
                "psr-4": {
                    "Chadicus\\Util\\": "src/"
                }
            },
            "notification-url": "https://packagist.org/downloads/",
            "license": [
                "MIT"
            ],
            "authors": [
                {
                    "name": "Chad Gray",
                    "email": "chadwickgray@gmail.com",
                    "role": "Developer"
                }
            ],
            "description": "Collection of exception utilities",
            "keywords": [
                "exception",
                "util"
            ],
            "time": "2015-07-21 21:41:54"
        }
    ],
    "packages-dev": [],
    "aliases": [],
    "minimum-stability": "stable",
    "stability-flags": [],
    "prefer-stable": false,
    "prefer-lowest": false,
    "platform": {
        "php": "~5.4"
    },
    "platform-dev": []
}
